{
  "name": "desinix-ai",
  "version": "1.0.0",
  "lockfileVersion": 3,
  "requires": true,
  "packages": {
    "": {
      "name": "desinix-ai",
      "version": "1.0.0",
      "license": "UNLICENSED",
      "dependencies": {
        "cors": "^2.8.5",
        "dotenv": "^16.4.5",
        "express": "^4.19.2",
        "openai": "^4.67.3"
      }
    },
    "node_modules/accepts": {
      "version": "1.3.8",
      "resolved": "https://registry.npmjs.org/accepts/-/accepts-1.3.8.tgz",
      "integrity": "sha512-p1Rr4lzKGhrYw7wT5BGPtQey6iHC6fS0dJrwlWcTUz9O9S/z4yRzOVwKg6YTV96N0p2jNlXjr1s7L9GBrLmk2A==",
      "dependencies": {
        "mime-types": "~2.1.34",
        "negotiator": "0.6.3"
      },
      "engines": { "node": ">= 0.6" }
    },
    "node_modules/cors": {
      "version": "2.8.5",
      "resolved": "https://registry.npmjs.org/cors/-/cors-2.8.5.tgz",
      "integrity": "sha512-KY6+nUFfJBtPlAA8Z0eC0hE1c9C6Ppj+GbbO1ulVqpvKMB9zTBAUIG9+NExcfF7xH6zzI8hx3R0mDNcLCskk0Q==",
      "dependencies": {
        "object-assign": "^4",
        "vary": "^1"
      },
      "engines": { "node": ">= 0.10" }
    },
    "node_modules/dotenv": {
      "version": "16.4.5",
      "resolved": "https://registry.npmjs.org/dotenv/-/dotenv-16.4.5.tgz",
      "integrity": "sha512-Mh8pjL3xV8cFVVDZoYW/2Mqk/xm0s9k1tpB1oHTV+ZKe1V9q9Ye7IFw6fGkZ4y7Ylgf2MIjZ3H3TAsNAxIZHcw==",
      "engines": { "node": ">=12" }
    },
    "node_modules/express": {
      "version": "4.19.2",
      "resolved": "https://registry.npmjs.org/express/-/express-4.19.2.tgz",
      "integrity": "sha512-UZ4Pp27rHslTj3gEwE7dNEI2iz0u6f0kInKfLgEwJngv0YHDpM5FksWYX5lp8U+M5L6HBSt0vvCEvMKqR3v0cg==",
      "dependencies": {
        "accepts": "~1.3.8",
        "array-flatten": "1.1.1",
        "body-parser": "1.20.2",
        "content-disposition": "0.5.4",
        "content-type": "~1.0.5",
        "cookie": "0.6.0",
        "cookie-signature": "1.0.6",
        "debug": "2.6.9",
        "depd": "2.0.0",
        "encodeurl": "~1.0.2",
        "escape-html": "~1.0.3",
        "etag": "~1.8.1",
        "finalhandler": "1.2.0",
        "fresh": "0.5.2",
        "http-errors": "2.0.0",
        "merge-descriptors": "1.0.3",
        "methods": "~1.1.2",
        "on-finished": "2.4.1",
        "parseurl": "~1.3.3",
        "path-to-regexp": "0.1.7",
        "proxy-addr": "~2.0.7",
        "qs": "6.11.0",
        "range-parser": "~1.2.1",
        "safe-buffer": "5.2.1",
        "send": "0.18.0",
        "serve-static": "1.15.0",
        "setprototypeof": "1.2.0",
        "statuses": "2.0.1",
        "type-is": "~1.6.18",
        "utils-merge": "1.0.1",
        "vary": "~1.1.2"
      },
      "engines": { "node": ">= 0.10.0" }
    },
    "node_modules/openai": {
      "version": "4.67.3",
      "resolved": "https://registry.npmjs.org/openai/-/openai-4.67.3.tgz",
      "integrity": "sha512-YURWUK6wA+4b77F2KDEvWZ2U+ZDE8w9K7EbsI16Zw8cw0AK1rRka8R+nRjTXzjz7Nxx59+5wH2Zb2kHbRNy7+Q==",
      "dependencies": {
        "node-fetch": "^3.3.2",
        "formdata-polyfill": "^4.0.10"
      },
      "engines": { "node": ">=18" }
    }
  }
}
